
Microsoft Visual Studio Solution File, Format Version 12.00
# Visual Studio Version 17
VisualStudioVersion = 17.5.33530.505
MinimumVisualStudioVersion = 10.0.40219.1
Project("{FAE04EC0-301F-11D3-BF4B-00C04F79EFBC}") = "Teste", "Teste\Teste.csproj", "{38754FFC-39BA-4415-8CB7-8ABD8F252F87}"
EndProject
Global
	GlobalSection(SolutionConfigurationPlatforms) = preSolution
		Debug|Any CPU = Debug|Any CPU
		Release|Any CPU = Release|Any CPU
	EndGlobalSection
	GlobalSection(ProjectConfigurationPlatforms) = postSolution
		{38754FFC-39BA-4415-8CB7-8ABD8F252F87}.Debug|Any CPU.ActiveCfg = Debug|Any CPU
		{38754FFC-39BA-4415-8CB7-8ABD8F252F87}.Debug|Any CPU.Build.0 = Debug|Any CPU
		{38754FFC-39BA-4415-8CB7-8ABD8F252F87}.Release|Any CPU.ActiveCfg = Release|Any CPU
		{38754FFC-39BA-4415-8CB7-8ABD8F252F87}.Release|Any CPU.Build.0 = Release|Any CPU
	EndGlobalSection
	GlobalSection(SolutionProperties) = preSolution
		HideSolutionNode = FALSE
	EndGlobalSection
	GlobalSection(ExtensibilityGlobals) = postSolution
		SolutionGuid = {823CB1F8-1FCA-4503-864E-DE74225DECFE}
	EndGlobalSection
EndGlobal
